
Microsoft Visual Studio Solution File, Format Version 12.00
# Visual Studio Version 17
VisualStudioVersion = 17.0.31903.59
MinimumVisualStudioVersion = 10.0.40219.1
Project("{2150E333-8FDC-42A3-9474-1A3956D46DE8}") = "src", "src", "{5B32B177-9B98-46FE-9C5F-4F8198EC9743}"
EndProject
Project("{FAE04EC0-301F-11D3-BF4B-00C04F79EFBC}") = "LLMWorkGUI.App", "src\LLMWorkGUI.App\LLMWorkGUI.App.csproj", "{44FAAD91-D8AB-4331-8E22-46D82F7CE129}"
EndProject
Project("{FAE04EC0-301F-11D3-BF4B-00C04F79EFBC}") = "LLMWorkGUI.Application", "src\LLMWorkGUI.Application\LLMWorkGUI.Application.csproj", "{89FFF40F-F815-4C7F-AC6C-842560ABA54E}"
EndProject
Project("{FAE04EC0-301F-11D3-BF4B-00C04F79EFBC}") = "LLMWorkGUI.Domain", "src\LLMWorkGUI.Domain\LLMWorkGUI.Domain.csproj", "{6E2CB113-0188-4A3E-BA75-D442B2643080}"
EndProject
Project("{FAE04EC0-301F-11D3-BF4B-00C04F79EFBC}") = "LLMWorkGUI.Infrastructure", "src\LLMWorkGUI.Infrastructure\LLMWorkGUI.Infrastructure.csproj", "{DC6D2FA7-6BDE-4660-9A31-DEDEF67592DA}"
EndProject
Project("{FAE04EC0-301F-11D3-BF4B-00C04F79EFBC}") = "LLMWorkGUI.Backends.Abstractions", "src\LLMWorkGUI.Backends.Abstractions\LLMWorkGUI.Backends.Abstractions.csproj", "{3421796B-175A-4CDD-AE06-52172ACA4FA0}"
EndProject
Project("{FAE04EC0-301F-11D3-BF4B-00C04F79EFBC}") = "LLMWorkGUI.Backends.OpenCode", "src\LLMWorkGUI.Backends.OpenCode\LLMWorkGUI.Backends.OpenCode.csproj", "{F14DA2D6-47F7-4FCB-97EA-7CA6475771A5}"
EndProject
Project("{FAE04EC0-301F-11D3-BF4B-00C04F79EFBC}") = "LLMWorkGUI.Backends.CursorAcp", "src\LLMWorkGUI.Backends.CursorAcp\LLMWorkGUI.Backends.CursorAcp.csproj", "{9565E8F6-F2FD-4A36-98BB-94A05DDA4489}"
EndProject
Project("{FAE04EC0-301F-11D3-BF4B-00C04F79EFBC}") = "LLMWorkGUI.Workflows", "src\LLMWorkGUI.Workflows\LLMWorkGUI.Workflows.csproj", "{8D8FA1F0-5004-4B71-838A-01CBE9CCDEF8}"
EndProject
Project("{2150E333-8FDC-42A3-9474-1A3956D46DE8}") = "tests", "tests", "{BB9952B9-B689-464A-AF36-295827D09F73}"
EndProject
Project("{FAE04EC0-301F-11D3-BF4B-00C04F79EFBC}") = "LLMWorkGUI.Domain.Tests", "tests\LLMWorkGUI.Domain.Tests\LLMWorkGUI.Domain.Tests.csproj", "{CB5BC8F3-9301-43FE-B396-EB2E263D5AA2}"
EndProject
Project("{FAE04EC0-301F-11D3-BF4B-00C04F79EFBC}") = "LLMWorkGUI.Application.Tests", "tests\LLMWorkGUI.Application.Tests\LLMWorkGUI.Application.Tests.csproj", "{CE1C3119-6A25-4417-B880-F65FCE5922F4}"
EndProject
Project("{FAE04EC0-301F-11D3-BF4B-00C04F79EFBC}") = "LLMWorkGUI.Backends.ContractTests", "tests\LLMWorkGUI.Backends.ContractTests\LLMWorkGUI.Backends.ContractTests.csproj", "{CF5292D9-E6FF-40F9-8CCB-CC9D199D94A9}"
EndProject
Project("{FAE04EC0-301F-11D3-BF4B-00C04F79EFBC}") = "LLMWorkGUI.IntegrationTests", "tests\LLMWorkGUI.IntegrationTests\LLMWorkGUI.IntegrationTests.csproj", "{69FB3573-7516-4FBE-ADDD-AD9A56FFBF84}"
EndProject
Project("{FAE04EC0-301F-11D3-BF4B-00C04F79EFBC}") = "LLMWorkGUI.Ui.Tests", "tests\LLMWorkGUI.Ui.Tests\LLMWorkGUI.Ui.Tests.csproj", "{C05C5244-107A-4842-9DCC-E06132B1F968}"
EndProject
Project("{2150E333-8FDC-42A3-9474-1A3956D46DE8}") = "tools", "tools", "{7E84BBCE-F609-413B-8398-A1A551EB22E0}"
EndProject
Project("{FAE04EC0-301F-11D3-BF4B-00C04F79EFBC}") = "LLMWorkGUI.ActivityLoadDriver", "tools\LLMWorkGUI.ActivityLoadDriver\LLMWorkGUI.ActivityLoadDriver.csproj", "{4FD58175-9D24-4A7E-932E-D551B0937B14}"
EndProject
Project("{FAE04EC0-301F-11D3-BF4B-00C04F79EFBC}") = "LLMWorkGUI.VisibleWorkflowHarness", "tools\LLMWorkGUI.VisibleWorkflowHarness\LLMWorkGUI.VisibleWorkflowHarness.csproj", "{A32D23DC-1E4E-4340-959F-030A1944BF40}"
EndProject
Project("{FAE04EC0-301F-11D3-BF4B-00C04F79EFBC}") = "LLMGateway.Core", "src\LLMGateway.Core\LLMGateway.Core.csproj", "{AE6519EC-45C3-4B75-B5F0-A68431278300}"
EndProject
Project("{FAE04EC0-301F-11D3-BF4B-00C04F79EFBC}") = "LLMGateway.Native", "src\LLMGateway.Native\LLMGateway.Native.csproj", "{A7C91712-79F7-44A0-AD8F-9A51D01E5A2D}"
EndProject
Project("{FAE04EC0-301F-11D3-BF4B-00C04F79EFBC}") = "LLMGateway.Server", "src\LLMGateway.Server\LLMGateway.Server.csproj", "{A8C27E23-E3E9-438F-A053-68F78708F04B}"
EndProject
Project("{FAE04EC0-301F-11D3-BF4B-00C04F79EFBC}") = "LLMGateway.Tests", "tests\LLMGateway.Tests\LLMGateway.Tests.csproj", "{067EFEF9-D18F-437A-9D20-6BEBAF05988E}"
EndProject
Global
	GlobalSection(SolutionConfigurationPlatforms) = preSolution
		Debug|Any CPU = Debug|Any CPU
		Release|Any CPU = Release|Any CPU
	EndGlobalSection
	GlobalSection(SolutionProperties) = preSolution
		HideSolutionNode = FALSE
	EndGlobalSection
	GlobalSection(ProjectConfigurationPlatforms) = postSolution
		{44FAAD91-D8AB-4331-8E22-46D82F7CE129}.Debug|Any CPU.ActiveCfg = Debug|Any CPU
		{44FAAD91-D8AB-4331-8E22-46D82F7CE129}.Debug|Any CPU.Build.0 = Debug|Any CPU
		{44FAAD91-D8AB-4331-8E22-46D82F7CE129}.Release|Any CPU.ActiveCfg = Release|Any CPU
		{44FAAD91-D8AB-4331-8E22-46D82F7CE129}.Release|Any CPU.Build.0 = Release|Any CPU
		{89FFF40F-F815-4C7F-AC6C-842560ABA54E}.Debug|Any CPU.ActiveCfg = Debug|Any CPU
		{89FFF40F-F815-4C7F-AC6C-842560ABA54E}.Debug|Any CPU.Build.0 = Debug|Any CPU
		{89FFF40F-F815-4C7F-AC6C-842560ABA54E}.Release|Any CPU.ActiveCfg = Release|Any CPU
		{89FFF40F-F815-4C7F-AC6C-842560ABA54E}.Release|Any CPU.Build.0 = Release|Any CPU
		{6E2CB113-0188-4A3E-BA75-D442B2643080}.Debug|Any CPU.ActiveCfg = Debug|Any CPU
		{6E2CB113-0188-4A3E-BA75-D442B2643080}.Debug|Any CPU.Build.0 = Debug|Any CPU
		{6E2CB113-0188-4A3E-BA75-D442B2643080}.Release|Any CPU.ActiveCfg = Release|Any CPU
		{6E2CB113-0188-4A3E-BA75-D442B2643080}.Release|Any CPU.Build.0 = Release|Any CPU
		{DC6D2FA7-6BDE-4660-9A31-DEDEF67592DA}.Debug|Any CPU.ActiveCfg = Debug|Any CPU
		{DC6D2FA7-6BDE-4660-9A31-DEDEF67592DA}.Debug|Any CPU.Build.0 = Debug|Any CPU
		{DC6D2FA7-6BDE-4660-9A31-DEDEF67592DA}.Release|Any CPU.ActiveCfg = Release|Any CPU
		{DC6D2FA7-6BDE-4660-9A31-DEDEF67592DA}.Release|Any CPU.Build.0 = Release|Any CPU
		{3421796B-175A-4CDD-AE06-52172ACA4FA0}.Debug|Any CPU.ActiveCfg = Debug|Any CPU
		{3421796B-175A-4CDD-AE06-52172ACA4FA0}.Debug|Any CPU.Build.0 = Debug|Any CPU
		{3421796B-175A-4CDD-AE06-52172ACA4FA0}.Release|Any CPU.ActiveCfg = Release|Any CPU
		{3421796B-175A-4CDD-AE06-52172ACA4FA0}.Release|Any CPU.Build.0 = Release|Any CPU
		{F14DA2D6-47F7-4FCB-97EA-7CA6475771A5}.Debug|Any CPU.ActiveCfg = Debug|Any CPU
		{F14DA2D6-47F7-4FCB-97EA-7CA6475771A5}.Debug|Any CPU.Build.0 = Debug|Any CPU
		{F14DA2D6-47F7-4FCB-97EA-7CA6475771A5}.Release|Any CPU.ActiveCfg = Release|Any CPU
		{F14DA2D6-47F7-4FCB-97EA-7CA6475771A5}.Release|Any CPU.Build.0 = Release|Any CPU
		{9565E8F6-F2FD-4A36-98BB-94A05DDA4489}.Debug|Any CPU.ActiveCfg = Debug|Any CPU
		{9565E8F6-F2FD-4A36-98BB-94A05DDA4489}.Debug|Any CPU.Build.0 = Debug|Any CPU
		{9565E8F6-F2FD-4A36-98BB-94A05DDA4489}.Release|Any CPU.ActiveCfg = Release|Any CPU
		{9565E8F6-F2FD-4A36-98BB-94A05DDA4489}.Release|Any CPU.Build.0 = Release|Any CPU
		{8D8FA1F0-5004-4B71-838A-01CBE9CCDEF8}.Debug|Any CPU.ActiveCfg = Debug|Any CPU
		{8D8FA1F0-5004-4B71-838A-01CBE9CCDEF8}.Debug|Any CPU.Build.0 = Debug|Any CPU
		{8D8FA1F0-5004-4B71-838A-01CBE9CCDEF8}.Release|Any CPU.ActiveCfg = Release|Any CPU
		{8D8FA1F0-5004-4B71-838A-01CBE9CCDEF8}.Release|Any CPU.Build.0 = Release|Any CPU
		{CB5BC8F3-9301-43FE-B396-EB2E263D5AA2}.Debug|Any CPU.ActiveCfg = Debug|Any CPU
		{CB5BC8F3-9301-43FE-B396-EB2E263D5AA2}.Debug|Any CPU.Build.0 = Debug|Any CPU
		{CB5BC8F3-9301-43FE-B396-EB2E263D5AA2}.Release|Any CPU.ActiveCfg = Release|Any CPU
		{CB5BC8F3-9301-43FE-B396-EB2E263D5AA2}.Release|Any CPU.Build.0 = Release|Any CPU
		{CE1C3119-6A25-4417-B880-F65FCE5922F4}.Debug|Any CPU.ActiveCfg = Debug|Any CPU
		{CE1C3119-6A25-4417-B880-F65FCE5922F4}.Debug|Any CPU.Build.0 = Debug|Any CPU
		{CE1C3119-6A25-4417-B880-F65FCE5922F4}.Release|Any CPU.ActiveCfg = Release|Any CPU
		{CE1C3119-6A25-4417-B880-F65FCE5922F4}.Release|Any CPU.Build.0 = Release|Any CPU
		{CF5292D9-E6FF-40F9-8CCB-CC9D199D94A9}.Debug|Any CPU.ActiveCfg = Debug|Any CPU
		{CF5292D9-E6FF-40F9-8CCB-CC9D199D94A9}.Debug|Any CPU.Build.0 = Debug|Any CPU
		{CF5292D9-E6FF-40F9-8CCB-CC9D199D94A9}.Release|Any CPU.ActiveCfg = Release|Any CPU
		{CF5292D9-E6FF-40F9-8CCB-CC9D199D94A9}.Release|Any CPU.Build.0 = Release|Any CPU
		{69FB3573-7516-4FBE-ADDD-AD9A56FFBF84}.Debug|Any CPU.ActiveCfg = Debug|Any CPU
		{69FB3573-7516-4FBE-ADDD-AD9A56FFBF84}.Debug|Any CPU.Build.0 = Debug|Any CPU
		{69FB3573-7516-4FBE-ADDD-AD9A56FFBF84}.Release|Any CPU.ActiveCfg = Release|Any CPU
		{69FB3573-7516-4FBE-ADDD-AD9A56FFBF84}.Release|Any CPU.Build.0 = Release|Any CPU
		{C05C5244-107A-4842-9DCC-E06132B1F968}.Debug|Any CPU.ActiveCfg = Debug|Any CPU
		{C05C5244-107A-4842-9DCC-E06132B1F968}.Debug|Any CPU.Build.0 = Debug|Any CPU
		{C05C5244-107A-4842-9DCC-E06132B1F968}.Release|Any CPU.ActiveCfg = Release|Any CPU
		{C05C5244-107A-4842-9DCC-E06132B1F968}.Release|Any CPU.Build.0 = Release|Any CPU
		{4FD58175-9D24-4A7E-932E-D551B0937B14}.Debug|Any CPU.ActiveCfg = Debug|Any CPU
		{4FD58175-9D24-4A7E-932E-D551B0937B14}.Debug|Any CPU.Build.0 = Debug|Any CPU
		{4FD58175-9D24-4A7E-932E-D551B0937B14}.Release|Any CPU.ActiveCfg = Release|Any CPU
		{4FD58175-9D24-4A7E-932E-D551B0937B14}.Release|Any CPU.Build.0 = Release|Any CPU
		{A32D23DC-1E4E-4340-959F-030A1944BF40}.Debug|Any CPU.ActiveCfg = Debug|Any CPU
		{A32D23DC-1E4E-4340-959F-030A1944BF40}.Debug|Any CPU.Build.0 = Debug|Any CPU
		{A32D23DC-1E4E-4340-959F-030A1944BF40}.Release|Any CPU.ActiveCfg = Release|Any CPU
		{A32D23DC-1E4E-4340-959F-030A1944BF40}.Release|Any CPU.Build.0 = Release|Any CPU
		{AE6519EC-45C3-4B75-B5F0-A68431278300}.Debug|Any CPU.ActiveCfg = Debug|Any CPU
		{AE6519EC-45C3-4B75-B5F0-A68431278300}.Debug|Any CPU.Build.0 = Debug|Any CPU
		{AE6519EC-45C3-4B75-B5F0-A68431278300}.Release|Any CPU.ActiveCfg = Release|Any CPU
		{AE6519EC-45C3-4B75-B5F0-A68431278300}.Release|Any CPU.Build.0 = Release|Any CPU
		{A7C91712-79F7-44A0-AD8F-9A51D01E5A2D}.Debug|Any CPU.ActiveCfg = Debug|Any CPU
		{A7C91712-79F7-44A0-AD8F-9A51D01E5A2D}.Debug|Any CPU.Build.0 = Debug|Any CPU
		{A7C91712-79F7-44A0-AD8F-9A51D01E5A2D}.Release|Any CPU.ActiveCfg = Release|Any CPU
		{A7C91712-79F7-44A0-AD8F-9A51D01E5A2D}.Release|Any CPU.Build.0 = Release|Any CPU
		{A8C27E23-E3E9-438F-A053-68F78708F04B}.Debug|Any CPU.ActiveCfg = Debug|Any CPU
		{A8C27E23-E3E9-438F-A053-68F78708F04B}.Debug|Any CPU.Build.0 = Debug|Any CPU
		{A8C27E23-E3E9-438F-A053-68F78708F04B}.Release|Any CPU.ActiveCfg = Release|Any CPU
		{A8C27E23-E3E9-438F-A053-68F78708F04B}.Release|Any CPU.Build.0 = Release|Any CPU
		{067EFEF9-D18F-437A-9D20-6BEBAF05988E}.Debug|Any CPU.ActiveCfg = Debug|Any CPU
		{067EFEF9-D18F-437A-9D20-6BEBAF05988E}.Debug|Any CPU.Build.0 = Debug|Any CPU
		{067EFEF9-D18F-437A-9D20-6BEBAF05988E}.Release|Any CPU.ActiveCfg = Release|Any CPU
		{067EFEF9-D18F-437A-9D20-6BEBAF05988E}.Release|Any CPU.Build.0 = Release|Any CPU
	EndGlobalSection
	GlobalSection(NestedProjects) = preSolution
		{44FAAD91-D8AB-4331-8E22-46D82F7CE129} = {5B32B177-9B98-46FE-9C5F-4F8198EC9743}
		{89FFF40F-F815-4C7F-AC6C-842560ABA54E} = {5B32B177-9B98-46FE-9C5F-4F8198EC9743}
		{6E2CB113-0188-4A3E-BA75-D442B2643080} = {5B32B177-9B98-46FE-9C5F-4F8198EC9743}
		{DC6D2FA7-6BDE-4660-9A31-DEDEF67592DA} = {5B32B177-9B98-46FE-9C5F-4F8198EC9743}
		{3421796B-175A-4CDD-AE06-52172ACA4FA0} = {5B32B177-9B98-46FE-9C5F-4F8198EC9743}
		{F14DA2D6-47F7-4FCB-97EA-7CA6475771A5} = {5B32B177-9B98-46FE-9C5F-4F8198EC9743}
		{9565E8F6-F2FD-4A36-98BB-94A05DDA4489} = {5B32B177-9B98-46FE-9C5F-4F8198EC9743}
		{8D8FA1F0-5004-4B71-838A-01CBE9CCDEF8} = {5B32B177-9B98-46FE-9C5F-4F8198EC9743}
		{CB5BC8F3-9301-43FE-B396-EB2E263D5AA2} = {BB9952B9-B689-464A-AF36-295827D09F73}
		{CE1C3119-6A25-4417-B880-F65FCE5922F4} = {BB9952B9-B689-464A-AF36-295827D09F73}
		{CF5292D9-E6FF-40F9-8CCB-CC9D199D94A9} = {BB9952B9-B689-464A-AF36-295827D09F73}
		{69FB3573-7516-4FBE-ADDD-AD9A56FFBF84} = {BB9952B9-B689-464A-AF36-295827D09F73}
		{C05C5244-107A-4842-9DCC-E06132B1F968} = {BB9952B9-B689-464A-AF36-295827D09F73}
		{4FD58175-9D24-4A7E-932E-D551B0937B14} = {7E84BBCE-F609-413B-8398-A1A551EB22E0}
		{A32D23DC-1E4E-4340-959F-030A1944BF40} = {7E84BBCE-F609-413B-8398-A1A551EB22E0}
		{AE6519EC-45C3-4B75-B5F0-A68431278300} = {5B32B177-9B98-46FE-9C5F-4F8198EC9743}
		{A7C91712-79F7-44A0-AD8F-9A51D01E5A2D} = {5B32B177-9B98-46FE-9C5F-4F8198EC9743}
		{A8C27E23-E3E9-438F-A053-68F78708F04B} = {5B32B177-9B98-46FE-9C5F-4F8198EC9743}
		{067EFEF9-D18F-437A-9D20-6BEBAF05988E} = {BB9952B9-B689-464A-AF36-295827D09F73}
	EndGlobalSection
EndGlobal
